
Microsoft Visual Studio Solution File, Format Version 12.00
# Visual Studio Version 17
VisualStudioVersion = 17.0.31912.275
MinimumVisualStudioVersion = 10.0.40219.1
Project("{FAE04EC0-301F-11D3-BF4B-00C04F79EFBC}") = "18variant", "18variant\18variant.csproj", "{0368ACBF-E2A4-4089-B06F-988EBB81010E}"
EndProject
Global
	GlobalSection(SolutionConfigurationPlatforms) = preSolution
		Debug|Any CPU = Debug|Any CPU
		Release|Any CPU = Release|Any CPU
	EndGlobalSection
	GlobalSection(ProjectConfigurationPlatforms) = postSolution
		{0368ACBF-E2A4-4089-B06F-988EBB81010E}.Debug|Any CPU.ActiveCfg = Debug|Any CPU
		{0368ACBF-E2A4-4089-B06F-988EBB81010E}.Debug|Any CPU.Build.0 = Debug|Any CPU
		{0368ACBF-E2A4-4089-B06F-988EBB81010E}.Release|Any CPU.ActiveCfg = Release|Any CPU
		{0368ACBF-E2A4-4089-B06F-988EBB81010E}.Release|Any CPU.Build.0 = Release|Any CPU
	EndGlobalSection
	GlobalSection(SolutionProperties) = preSolution
		HideSolutionNode = FALSE
	EndGlobalSection
	GlobalSection(ExtensibilityGlobals) = postSolution
		SolutionGuid = {38A2E339-5D8C-476B-8C24-B72975BFC2FE}
	EndGlobalSection
EndGlobal
